// !$*UTF8*$!
{
	archiveVersion = 1;
	classes = {
	};
	objectVersion = 48;
	objects = {

/* Begin PBXBuildFile section */
		9252AB6D20A3F08B00C89FB3 /* AppDelegate.m in Sources */ = {isa = PBXBuildFile; fileRef = 9252AB6C20A3F08B00C89FB3 /* AppDelegate.m */; };
		9252AB7020A3F08B00C89FB3 /* ViewController.m in Sources */ = {isa = PBXBuildFile; fileRef = 9252AB6F20A3F08B00C89FB3 /* ViewController.m */; };
		9252AB7520A3F08B00C89FB3 /* Assets.xcassets in Resources */ = {isa = PBXBuildFile; fileRef = 9252AB7420A3F08B00C89FB3 /* Assets.xcassets */; };
		9252AB7B20A3F08B00C89FB3 /* main.m in Sources */ = {isa = PBXBuildFile; fileRef = 9252AB7A20A3F08B00C89FB3 /* main.m */; };
		9252AB8A20A4778100C89FB3 /* TTLabel.m in Sources */ = {isa = PBXBuildFile; fileRef = 9252AB8920A4778100C89FB3 /* TTLabel.m */; };
		9252AB8D20A48AB400C89FB3 /* TTFeedbackViewController.m in Sources */ = {isa = PBXBuildFile; fileRef = 9252AB8C20A48AB400C89FB3 /* TTFeedbackViewController.m */; };
/* End PBXBuildFile section */

/* Begin PBXFileReference section */
		9252AB6820A3F08B00C89FB3 /* TTTestDemo.app */ = {isa = PBXFileReference; explicitFileType = wrapper.application; includeInIndex = 0; path = TTTestDemo.app; sourceTree = BUILT_PRODUCTS_DIR; };
		9252AB6B20A3F08B00C89FB3 /* AppDelegate.h */ = {isa = PBXFileReference; lastKnownFileType = sourcecode.c.h; path = AppDelegate.h; sourceTree = "<group>"; };
		9252AB6C20A3F08B00C89FB3 /* AppDelegate.m */ = {isa = PBXFileReference; lastKnownFileType = sourcecode.c.objc; path = AppDelegate.m; sourceTree = "<group>"; };
		9252AB6E20A3F08B00C89FB3 /* ViewController.h */ = {isa = PBXFileReference; lastKnownFileType = sourcecode.c.h; path = ViewController.h; sourceTree = "<group>"; };
		9252AB6F20A3F08B00C89FB3 /* ViewController.m */ = {isa = PBXFileReference; lastKnownFileType = sourcecode.c.objc; path = ViewController.m; sourceTree = "<group>"; };
		9252AB7420A3F08B00C89FB3 /* Assets.xcassets */ = {isa = PBXFileReference; lastKnownFileType = folder.assetcatalog; path = Assets.xcassets; sourceTree = "<group>"; };
		9252AB7920A3F08B00C89FB3 /* Info.plist */ = {isa = PBXFileReference; lastKnownFileType = text.plist.xml; path = Info.plist; sourceTree = "<group>"; };
		9252AB7A20A3F08B00C89FB3 /* main.m */ = {isa = PBXFileReference; lastKnownFileType = sourcecode.c.objc; path = main.m; sourceTree = "<group>"; };
		9252AB8820A4778100C89FB3 /* TTLabel.h */ = {isa = PBXFileReference; fileEncoding = 4; lastKnownFileType = sourcecode.c.h; path = TTLabel.h; sourceTree = "<group>"; };
		9252AB8920A4778100C89FB3 /* TTLabel.m */ = {isa = PBXFileReference; fileEncoding = 4; lastKnownFileType = sourcecode.c.objc; path = TTLabel.m; sourceTree = "<group>"; };
		9252AB8B20A48AB400C89FB3 /* TTFeedbackViewController.h */ = {isa = PBXFileReference; lastKnownFileType = sourcecode.c.h; path = TTFeedbackViewController.h; sourceTree = "<group>"; };
		9252AB8C20A48AB400C89FB3 /* TTFeedbackViewController.m */ = {isa = PBXFileReference; lastKnownFileType = sourcecode.c.objc; path = TTFeedbackViewController.m; sourceTree = "<group>"; };
/* End PBXFileReference section */

/* Begin PBXFrameworksBuildPhase section */
		9252AB6520A3F08B00C89FB3 /* Frameworks */ = {
			isa = PBXFrameworksBuildPhase;
			buildActionMask = 2147483647;
			files = (
			);
			runOnlyForDeploymentPostprocessing = 0;
		};
/* End PBXFrameworksBuildPhase section */

/* Begin PBXGroup section */
		9252AB5F20A3F08B00C89FB3 = {
			isa = PBXGroup;
			children = (
				9252AB6A20A3F08B00C89FB3 /* TTTestDemo */,
				9252AB6920A3F08B00C89FB3 /* Products */,
			);
			sourceTree = "<group>";
		};
		9252AB6920A3F08B00C89FB3 /* Products */ = {
			isa = PBXGroup;
			children = (
				9252AB6820A3F08B00C89FB3 /* TTTestDemo.app */,
			);
			name = Products;
			sourceTree = "<group>";
		};
		9252AB6A20A3F08B00C89FB3 /* TTTestDemo */ = {
			isa = PBXGroup;
			children = (
				9252AB6B20A3F08B00C89FB3 /* AppDelegate.h */,
				9252AB6C20A3F08B00C89FB3 /* AppDelegate.m */,
				9252AB6E20A3F08B00C89FB3 /* ViewController.h */,
				9252AB6F20A3F08B00C89FB3 /* ViewController.m */,
				9252AB8820A4778100C89FB3 /* TTLabel.h */,
				9252AB8920A4778100C89FB3 /* TTLabel.m */,
				9252AB7420A3F08B00C89FB3 /* Assets.xcassets */,
				9252AB7920A3F08B00C89FB3 /* Info.plist */,
				9252AB7A20A3F08B00C89FB3 /* main.m */,
				9252AB8B20A48AB400C89FB3 /* TTFeedbackViewController.h */,
				9252AB8C20A48AB400C89FB3 /* TTFeedbackViewController.m */,
			);
			path = TTTestDemo;
			sourceTree = "<group>";
		};
/* End PBXGroup section */

/* Begin PBXNativeTarget section */
		9252AB6720A3F08B00C89FB3 /* TTTestDemo */ = {
			isa = PBXNativeTarget;
			buildConfigurationList = 9252AB7E20A3F08B00C89FB3 /* Build configuration list for PBXNativeTarget "TTTestDemo" */;
			buildPhases = (
				9252AB6420A3F08B00C89FB3 /* Sources */,
				9252AB6520A3F08B00C89FB3 /* Frameworks */,
				9252AB6620A3F08B00C89FB3 /* Resources */,
			);
			buildRules = (
			);
			dependencies = (
			);
			name = TTTestDemo;
			productName = TTTestDemo;
			productReference = 9252AB6820A3F08B00C89FB3 /* TTTestDemo.app */;
			productType = "com.apple.product-type.application";
		};
/* End PBXNativeTarget section */

/* Begin PBXProject section */
		9252AB6020A3F08B00C89FB3 /* Project object */ = {
			isa = PBXProject;
			attributes = {
				LastUpgradeCheck = 0920;
				ORGANIZATIONNAME = Dou;
				TargetAttributes = {
					9252AB6720A3F08B00C89FB3 = {
						CreatedOnToolsVersion = 9.2;
						ProvisioningStyle = Automatic;
					};
				};
			};
			buildConfigurationList = 9252AB6320A3F08B00C89FB3 /* Build configuration list for PBXProject "TTTestDemo" */;
			compatibilityVersion = "Xcode 8.0";
			developmentRegion = en;
			hasScannedForEncodings = 0;
			knownRegions = (
				en,
				Base,
			);
			mainGroup = 9252AB5F20A3F08B00C89FB3;
			productRefGroup = 9252AB6920A3F08B00C89FB3 /* Products */;
			projectDirPath = "";
			projectRoot = "";
			targets = (
				9252AB6720A3F08B00C89FB3 /* TTTestDemo */,
			);
		};
/* End PBXProject section */

/* Begin PBXResourcesBuildPhase section */
		9252AB6620A3F08B00C89FB3 /* Resources */ = {
			isa = PBXResourcesBuildPhase;
			buildActionMask = 2147483647;
			files = (
				9252AB7520A3F08B00C89FB3 /* Assets.xcassets in Resources */,
			);
			runOnlyForDeploymentPostprocessing = 0;
		};
/* End PBXResourcesBuildPhase section */

/* Begin PBXSourcesBuildPhase section */
		9252AB6420A3F08B00C89FB3 /* Sources */ = {
			isa = PBXSourcesBuildPhase;
			buildActionMask = 2147483647;
			files = (
				9252AB8A20A4778100C89FB3 /* TTLabel.m in Sources */,
				9252AB7020A3F08B00C89FB3 /* ViewController.m in Sources */,
				9252AB8D20A48AB400C89FB3 /* TTFeedbackViewController.m in Sources */,
				9252AB7B20A3F08B00C89FB3 /* main.m in Sources */,
				9252AB6D20A3F08B00C89FB3 /* AppDelegate.m in Sources */,
			);
			runOnlyForDeploymentPostprocessing = 0;
		};
/* End PBXSourcesBuildPhase section */

/* Begin XCBuildConfiguration section */
		9252AB7C20A3F08B00C89FB3 /* Debug */ = {
			isa = XCBuildConfiguration;
			buildSettings = {
				ALWAYS_SEARCH_USER_PATHS = NO;
				CLANG_ANALYZER_NONNULL = YES;
				CLANG_ANALYZER_NUMBER_OBJECT_CONVERSION = YES_AGGRESSIVE;
				CLANG_CXX_LANGUAGE_STANDARD = "gnu++14";
				CLANG_CXX_LIBRARY = "libc++";
				CLANG_ENABLE_MODULES = YES;
				CLANG_ENABLE_OBJC_ARC = YES;
				CLANG_WARN_BLOCK_CAPTURE_AUTORELEASING = YES;
				CLANG_WARN_BOOL_CONVERSION = YES;
				CLANG_WARN_COMMA = YES;
				CLANG_WARN_CONSTANT_CONVERSION = YES;
				CLANG_WARN_DIRECT_OBJC_ISA_USAGE = YES_ERROR;
				CLANG_WARN_DOCUMENTATION_COMMENTS = YES;
				CLANG_WARN_EMPTY_BODY = YES;
				CLANG_WARN_ENUM_CONVERSION = YES;
				CLANG_WARN_INFINITE_RECURSION = YES;
				CLANG_WARN_INT_CONVERSION = YES;
				CLANG_WARN_NON_LITERAL_NULL_CONVERSION = YES;
				CLANG_WARN_OBJC_LITERAL_CONVERSION = YES;
				CLANG_WARN_OBJC_ROOT_CLASS = YES_ERROR;
				CLANG_WARN_RANGE_LOOP_ANALYSIS = YES;
				CLANG_WARN_STRICT_PROTOTYPES = YES;
				CLANG_WARN_SUSPICIOUS_MOVE = YES;
				CLANG_WARN_UNGUARDED_AVAILABILITY = YES_AGGRESSIVE;
				CLANG_WARN_UNREACHABLE_CODE = YES;
				CLANG_WARN__DUPLICATE_METHOD_MATCH = YES;
				CODE_SIGN_IDENTITY = "iPhone Developer";
				COPY_PHASE_STRIP = NO;
				DEBUG_INFORMATION_FORMAT = dwarf;
				ENABLE_STRICT_OBJC_MSGSEND = YES;
				ENABLE_TESTABILITY = YES;
				GCC_C_LANGUAGE_STANDARD = gnu11;
				GCC_DYNAMIC_NO_PIC = NO;
				GCC_NO_COMMON_BLOCKS = YES;
				GCC_OPTIMIZATION_LEVEL = 0;
				GCC_PREPROCESSOR_DEFINITIONS = (
					"DEBUG=1",
					"$(inherited)",
				);
				GCC_WARN_64_TO_32_BIT_CONVERSION = YES;
				GCC_WARN_ABOUT_RETURN_TYPE = YES_ERROR;
				GCC_WARN_UNDECLARED_SELECTOR = YES;
				GCC_WARN_UNINITIALIZED_AUTOS = YES_AGGRESSIVE;
				GCC_WARN_UNUSED_FUNCTION = YES;
				GCC_WARN_UNUSED_VARIABLE = YES;
				IPHONEOS_DEPLOYMENT_TARGET = 11.2;
				MTL_ENABLE_DEBUG_INFO = YES;
				ONLY_ACTIVE_ARCH = YES;
				SDKROOT = iphoneos;
			};
			name = Debug;
		};
		9252AB7D20A3F08B00C89FB3 /* Release */ = {
			isa = XCBuildConfiguration;
			buildSettings = {
				ALWAYS_SEARCH_USER_PATHS = NO;
				CLANG_ANALYZER_NONNULL = YES;
				CLANG_ANALYZER_NUMBER_OBJECT_CONVERSION = YES_AGGRESSIVE;
				CLANG_CXX_LANGUAGE_STANDARD = "gnu++14";
				CLANG_CXX_LIBRARY = "libc++";
				CLANG_ENABLE_MODULES = YES;
				CLANG_ENABLE_OBJC_ARC = YES;
				CLANG_WARN_BLOCK_CAPTURE_AUTORELEASING = YES;
				CLANG_WARN_BOOL_CONVERSION = YES;
				CLANG_WARN_COMMA = YES;
				CLANG_WARN_CONSTANT_CONVERSION = YES;
				CLANG_WARN_DIRECT_OBJC_ISA_USAGE = YES_ERROR;
				CLANG_WARN_DOCUMENTATION_COMMENTS = YES;
				CLANG_WARN_EMPTY_BODY = YES;
				CLANG_WARN_ENUM_CONVERSION = YES;
				CLANG_WARN_INFINITE_RECURSION = YES;
				CLANG_WARN_INT_CONVERSION = YES;
				CLANG_WARN_NON_LITERAL_NULL_CONVERSION = YES;
				CLANG_WARN_OBJC_LITERAL_CONVERSION = YES;
				CLANG_WARN_OBJC_ROOT_CLASS = YES_ERROR;
				CLANG_WARN_RANGE_LOOP_ANALYSIS = YES;
				CLANG_WARN_STRICT_PROTOTYPES = YES;
				CLANG_WARN_SUSPICIOUS_MOVE = YES;
				CLANG_WARN_UNGUARDED_AVAILABILITY = YES_AGGRESSIVE;
				CLANG_WARN_UNREACHABLE_CODE = YES;
				CLANG_WARN__DUPLICATE_METHOD_MATCH = YES;
				CODE_SIGN_IDENTITY = "iPhone Developer";
				COPY_PHASE_STRIP = NO;
				DEBUG_INFORMATION_FORMAT = "dwarf-with-dsym";
				ENABLE_NS_ASSERTIONS = NO;
				ENABLE_STRICT_OBJC_MSGSEND = YES;
				GCC_C_LANGUAGE_STANDARD = gnu11;
				GCC_NO_COMMON_BLOCKS = YES;
				GCC_WARN_64_TO_32_BIT_CONVERSION = YES;
				GCC_WARN_ABOUT_RETURN_TYPE = YES_ERROR;
				GCC_WARN_UNDECLARED_SELECTOR = YES;
				GCC_WARN_UNINITIALIZED_AUTOS = YES_AGGRESSIVE;
				GCC_WARN_UNUSED_FUNCTION = YES;
				GCC_WARN_UNUSED_VARIABLE = YES;
				IPHONEOS_DEPLOYMENT_TARGET = 11.2;
				MTL_ENABLE_DEBUG_INFO = NO;
				SDKROOT = iphoneos;
				VALIDATE_PRODUCT = YES;
			};
			name = Release;
		};
		9252AB7F20A3F08B00C89FB3 /* Debug */ = {
			isa = XCBuildConfiguration;
			buildSettings = {
				ASSETCATALOG_COMPILER_APPICON_NAME = AppIcon;
				CODE_SIGN_STYLE = Automatic;
				DEVELOPMENT_TEAM = "";
				INFOPLIST_FILE = TTTestDemo/Info.plist;
				LD_RUNPATH_SEARCH_PATHS = "$(inherited) @executable_path/Frameworks";
				PRODUCT_BUNDLE_IDENTIFIER = guojing.TTTestDemo;
				PRODUCT_NAME = "$(TARGET_NAME)";
				TARGETED_DEVICE_FAMILY = 1;
			};
			name = Debug;
		};
		9252AB8020A3F08B00C89FB3 /* Release */ = {
			isa = XCBuildConfiguration;
			buildSettings = {
				ASSETCATALOG_COMPILER_APPICON_NAME = AppIcon;
				CODE_SIGN_STYLE = Automatic;
				DEVELOPMENT_TEAM = "";
				INFOPLIST_FILE = TTTestDemo/Info.plist;
				LD_RUNPATH_SEARCH_PATHS = "$(inherited) @executable_path/Frameworks";
				PRODUCT_BUNDLE_IDENTIFIER = guojing.TTTestDemo;
				PRODUCT_NAME = "$(TARGET_NAME)";
				TARGETED_DEVICE_FAMILY = 1;
			};
			name = Release;
		};
/* End XCBuildConfiguration section */

/* Begin XCConfigurationList section */
		9252AB6320A3F08B00C89FB3 /* Build configuration list for PBXProject "TTTestDemo" */ = {
			isa = XCConfigurationList;
			buildConfigurations = (
				9252AB7C20A3F08B00C89FB3 /* Debug */,
				9252AB7D20A3F08B00C89FB3 /* Release */,
			);
			defaultConfigurationIsVisible = 0;
			defaultConfigurationName = Release;
		};
		9252AB7E20A3F08B00C89FB3 /* Build configuration list for PBXNativeTarget "TTTestDemo" */ = {
			isa = XCConfigurationList;
			buildConfigurations = (
				9252AB7F20A3F08B00C89FB3 /* Debug */,
				9252AB8020A3F08B00C89FB3 /* Release */,
			);
			defaultConfigurationIsVisible = 0;
			defaultConfigurationName = Release;
		};
/* End XCConfigurationList section */
	};
	rootObject = 9252AB6020A3F08B00C89FB3 /* Project object */;
}
